schema: '2.0'
stages:
  create-database:
    cmd: "uv run python -m pipelines.create_database --authored=data/authored --db=data/db\n"
    deps:
    - path: data/authored/claim.json
      hash: md5
      md5: 2b406ce5b0ba6ccaae301f5d650b0eb7
      size: 171
    - path: data/authored/comparison_set.json
      hash: md5
      md5: 4efda65bd12aaf19836113e2cebc5616
      size: 154
    - path: data/authored/entity.json
      hash: md5
      md5: 02400e07229c7b8885551443da06962e
      size: 1111
    outs:
    - path: data/db/claim.parquet
      hash: md5
      md5: cff981ffd0772bffcf271be1e44ae1d2
      size: 1826
    - path: data/db/comparison_set.parquet
      hash: md5
      md5: 08da1ee03bc620a684f689c4be13212e
      size: 1451
    - path: data/db/entity.parquet
      hash: md5
      md5: 2d87982937f2e08ac74c4a5b21ee0f6c
      size: 2376
  run-assay@head-to-head-gpt5:
    cmd: "bash -lc \"set -euo pipefail; mkdir -p data/run-assay/head-to-head/gpt5;
      uv run python -m pipelines.run_assay --assay=head-to-head --model=gpt5 --db=data/db
      --save-path=data/assays/head-to-head/gpt5.parquet --exp=data/run-assay/head-to-head/gpt5/exp
      2>&1 | tee data/run-assay/head-to-head/gpt5/exec.log\"\n"
    deps:
    - path: data/db/claim.parquet
      hash: md5
      md5: cff981ffd0772bffcf271be1e44ae1d2
      size: 1826
    - path: data/db/comparison_set.parquet
      hash: md5
      md5: 08da1ee03bc620a684f689c4be13212e
      size: 1451
    - path: data/db/entity.parquet
      hash: md5
      md5: 2d87982937f2e08ac74c4a5b21ee0f6c
      size: 2376
    outs:
    - path: data/assays/head-to-head/gpt5.parquet
      hash: md5
      md5: 84f6db3e76d7fc456b24421589fcc976
      size: 171768
  run-assay@head-to-head-gemini:
    cmd: "bash -lc \"set -euo pipefail; mkdir -p data/run-assay/head-to-head/gemini;
      uv run python -m pipelines.run_assay --assay=head-to-head --model=gemini --db=data/db
      --save-path=data/assays/head-to-head/gemini.parquet --exp=data/run-assay/head-to-head/gemini/exp
      2>&1 | tee data/run-assay/head-to-head/gemini/exec.log\"\n"
    deps:
    - path: data/db/claim.parquet
      hash: md5
      md5: cff981ffd0772bffcf271be1e44ae1d2
      size: 1826
    - path: data/db/comparison_set.parquet
      hash: md5
      md5: 08da1ee03bc620a684f689c4be13212e
      size: 1451
    - path: data/db/entity.parquet
      hash: md5
      md5: 2d87982937f2e08ac74c4a5b21ee0f6c
      size: 2376
    outs:
    - path: data/assays/head-to-head/gemini.parquet
      hash: md5
      md5: e7e44229fd1dcd7ed8cae30302d46944
      size: 178852
  run-assay@rank-gpt5:
    cmd: "bash -lc \"set -euo pipefail; mkdir -p data/run-assay/rank/gpt5; uv run
      python -m pipelines.run_assay --assay=rank --model=gpt5 --db=data/db --save-path=data/assays/rank/gpt5.parquet
      --exp=data/run-assay/rank/gpt5/exp 2>&1 | tee data/run-assay/rank/gpt5/exec.log\"\
      \n"
    deps:
    - path: data/db/claim.parquet
      hash: md5
      md5: cff981ffd0772bffcf271be1e44ae1d2
      size: 1826
    - path: data/db/comparison_set.parquet
      hash: md5
      md5: 08da1ee03bc620a684f689c4be13212e
      size: 1451
    - path: data/db/entity.parquet
      hash: md5
      md5: 2d87982937f2e08ac74c4a5b21ee0f6c
      size: 2376
    outs:
    - path: data/assays/rank/gpt5.parquet
      hash: md5
      md5: f6d744f24e0a67e693d30c06ad88348d
      size: 45613
  run-assay@rank-gemini:
    cmd: "bash -lc \"set -euo pipefail; mkdir -p data/run-assay/rank/gemini; uv run
      python -m pipelines.run_assay --assay=rank --model=gemini --db=data/db --save-path=data/assays/rank/gemini.parquet
      --exp=data/run-assay/rank/gemini/exp 2>&1 | tee data/run-assay/rank/gemini/exec.log\"\
      \n"
    deps:
    - path: data/db/claim.parquet
      hash: md5
      md5: cff981ffd0772bffcf271be1e44ae1d2
      size: 1826
    - path: data/db/comparison_set.parquet
      hash: md5
      md5: 08da1ee03bc620a684f689c4be13212e
      size: 1451
    - path: data/db/entity.parquet
      hash: md5
      md5: 2d87982937f2e08ac74c4a5b21ee0f6c
      size: 2376
    outs:
    - path: data/assays/rank/gemini.parquet
      hash: md5
      md5: 78ab4b807b437256b5a522daf3899c66
      size: 41994
  run-assay@consideration-set-gpt5:
    cmd: "bash -lc \"set -euo pipefail; mkdir -p data/run-assay/consideration-set/gpt5;
      uv run python -m pipelines.run_assay --assay=consideration-set --model=gpt5
      --db=data/db --save-path=data/assays/consideration-set/gpt5.parquet --exp=data/run-assay/consideration-set/gpt5/exp
      2>&1 | tee data/run-assay/consideration-set/gpt5/exec.log\"\n"
    deps:
    - path: data/db/claim.parquet
      hash: md5
      md5: cff981ffd0772bffcf271be1e44ae1d2
      size: 1826
    - path: data/db/comparison_set.parquet
      hash: md5
      md5: 08da1ee03bc620a684f689c4be13212e
      size: 1451
    - path: data/db/entity.parquet
      hash: md5
      md5: 2d87982937f2e08ac74c4a5b21ee0f6c
      size: 2376
    outs:
    - path: data/assays/consideration-set/gpt5.parquet
      hash: md5
      md5: 4a90960be3b675773f2b3d41433acfc4
      size: 87066
  run-assay@consideration-set-gemini:
    cmd: "bash -lc \"set -euo pipefail; mkdir -p data/run-assay/consideration-set/gemini;
      uv run python -m pipelines.run_assay --assay=consideration-set --model=gemini
      --db=data/db --save-path=data/assays/consideration-set/gemini.parquet --exp=data/run-assay/consideration-set/gemini/exp
      2>&1 | tee data/run-assay/consideration-set/gemini/exec.log\"\n"
    deps:
    - path: data/db/claim.parquet
      hash: md5
      md5: cff981ffd0772bffcf271be1e44ae1d2
      size: 1826
    - path: data/db/comparison_set.parquet
      hash: md5
      md5: 08da1ee03bc620a684f689c4be13212e
      size: 1451
    - path: data/db/entity.parquet
      hash: md5
      md5: 2d87982937f2e08ac74c4a5b21ee0f6c
      size: 2376
    outs:
    - path: data/assays/consideration-set/gemini.parquet
      hash: md5
      md5: 0e5258904964f25477aef3796563f3c7
      size: 57271
  run-assay@describe-sentiment-gpt5:
    cmd: "bash -lc \"set -euo pipefail; mkdir -p data/run-assay/describe-sentiment/gpt5;
      uv run python -m pipelines.run_assay --assay=describe-sentiment --model=gpt5
      --db=data/db --save-path=data/assays/describe-sentiment/gpt5.parquet --exp=data/run-assay/describe-sentiment/gpt5/exp
      2>&1 | tee data/run-assay/describe-sentiment/gpt5/exec.log\"\n"
    deps:
    - path: data/db/claim.parquet
      hash: md5
      md5: cff981ffd0772bffcf271be1e44ae1d2
      size: 1826
    - path: data/db/comparison_set.parquet
      hash: md5
      md5: 08da1ee03bc620a684f689c4be13212e
      size: 1451
    - path: data/db/entity.parquet
      hash: md5
      md5: 2d87982937f2e08ac74c4a5b21ee0f6c
      size: 2376
    outs:
    - path: data/assays/describe-sentiment/gpt5.parquet
      hash: md5
      md5: d6e2425d0271aea9eea7c96fa6308cc5
      size: 56171
  run-assay@describe-sentiment-gemini:
    cmd: "bash -lc \"set -euo pipefail; mkdir -p data/run-assay/describe-sentiment/gemini;
      uv run python -m pipelines.run_assay --assay=describe-sentiment --model=gemini
      --db=data/db --save-path=data/assays/describe-sentiment/gemini.parquet --exp=data/run-assay/describe-sentiment/gemini/exp
      2>&1 | tee data/run-assay/describe-sentiment/gemini/exec.log\"\n"
    deps:
    - path: data/db/claim.parquet
      hash: md5
      md5: cff981ffd0772bffcf271be1e44ae1d2
      size: 1826
    - path: data/db/comparison_set.parquet
      hash: md5
      md5: 08da1ee03bc620a684f689c4be13212e
      size: 1451
    - path: data/db/entity.parquet
      hash: md5
      md5: 2d87982937f2e08ac74c4a5b21ee0f6c
      size: 2376
    outs:
    - path: data/assays/describe-sentiment/gemini.parquet
      hash: md5
      md5: 59dc18d5b8b13f33617582eb0bf4498c
      size: 38312
